
Microsoft Visual Studio Solution File, Format Version 12.00
# Visual Studio Version 17
VisualStudioVersion = 17.14.36511.14 d17.14
MinimumVisualStudioVersion = 10.0.40219.1
Project("{FAE04EC0-301F-11D3-BF4B-00C04F79EFBC}") = "ApiAuth", "ApiAuth\ApiAuth.csproj", "{07721BE7-8BEF-46EC-A50B-7BDEB3A45A71}"
EndProject
Global
	GlobalSection(SolutionConfigurationPlatforms) = preSolution
		Debug|Any CPU = Debug|Any CPU
		Release|Any CPU = Release|Any CPU
	EndGlobalSection
	GlobalSection(ProjectConfigurationPlatforms) = postSolution
		{07721BE7-8BEF-46EC-A50B-7BDEB3A45A71}.Debug|Any CPU.ActiveCfg = Debug|Any CPU
		{07721BE7-8BEF-46EC-A50B-7BDEB3A45A71}.Debug|Any CPU.Build.0 = Debug|Any CPU
		{07721BE7-8BEF-46EC-A50B-7BDEB3A45A71}.Release|Any CPU.ActiveCfg = Release|Any CPU
		{07721BE7-8BEF-46EC-A50B-7BDEB3A45A71}.Release|Any CPU.Build.0 = Release|Any CPU
	EndGlobalSection
	GlobalSection(SolutionProperties) = preSolution
		HideSolutionNode = FALSE
	EndGlobalSection
	GlobalSection(ExtensibilityGlobals) = postSolution
		SolutionGuid = {7554D7FD-8699-4A9F-A9C3-60F82E7FEDE3}
	EndGlobalSection
EndGlobal
